
Microsoft Visual Studio Solution File, Format Version 12.00
# Visual Studio Version 17
VisualStudioVersion = 17.5.002.0
MinimumVisualStudioVersion = 10.0.40219.1
Project("{2150E333-8FDC-42A3-9474-1A3956D46DE8}") = "prove", "prove", "{6BDC74FC-62C3-4E05-A7AC-DF0879FB691E}"
EndProject
Project("{9A19103F-16F7-4668-BE54-9A1E7A4F7556}") = "Develop04", "prove\Develop04\Develop04.csproj", "{38334946-3A2F-4C93-9B09-E8F3E3A61F3F}"
EndProject
Project("{9A19103F-16F7-4668-BE54-9A1E7A4F7556}") = "Develop03", "prove\Develop03\Develop03.csproj", "{2701F2DE-5F3B-45D6-B01F-21C1BCC6B0B8}"
EndProject
Project("{9A19103F-16F7-4668-BE54-9A1E7A4F7556}") = "Develop05", "prove\Develop05\Develop05.csproj", "{E222EA44-E4D0-46B7-8460-7B8546FFD33A}"
EndProject
Project("{9A19103F-16F7-4668-BE54-9A1E7A4F7556}") = "Develop02", "prove\Develop02\Develop02.csproj", "{62234195-2AEF-4A75-8308-43B8D788D8F1}"
EndProject
Project("{2150E333-8FDC-42A3-9474-1A3956D46DE8}") = "csharp-prep", "csharp-prep", "{F786DF15-39A0-479F-86FC-F0D80C94801D}"
EndProject
Project("{9A19103F-16F7-4668-BE54-9A1E7A4F7556}") = "Prep2", "csharp-prep\Prep2\Prep2.csproj", "{007740C4-CA79-4605-8E46-F07EBF679C2A}"
EndProject
Project("{9A19103F-16F7-4668-BE54-9A1E7A4F7556}") = "Prep1", "csharp-prep\Prep1\Prep1.csproj", "{4F69CDD4-9C44-40B5-998D-38B8132341A4}"
EndProject
Project("{9A19103F-16F7-4668-BE54-9A1E7A4F7556}") = "Prep3", "csharp-prep\Prep3\Prep3.csproj", "{82AD3BFF-FAE8-47EE-BCC1-83056393379E}"
EndProject
Project("{9A19103F-16F7-4668-BE54-9A1E7A4F7556}") = "Prep4", "csharp-prep\Prep4\Prep4.csproj", "{FFCCC4C3-BFE5-44C7-B850-2D7D9867C0D1}"
EndProject
Project("{9A19103F-16F7-4668-BE54-9A1E7A4F7556}") = "Prep5", "csharp-prep\Prep5\Prep5.csproj", "{F50A8CE9-8EA8-402B-8E84-CC5459C6653A}"
EndProject
Project("{2150E333-8FDC-42A3-9474-1A3956D46DE8}") = "final", "final", "{50B2E97E-753D-42F2-A001-1B69CBDFA968}"
EndProject
Project("{9A19103F-16F7-4668-BE54-9A1E7A4F7556}") = "Foundation4", "final\Foundation4\Foundation4.csproj", "{A583F1E2-31D7-4EDA-BBC7-0B17BA12D2E6}"
EndProject
Project("{9A19103F-16F7-4668-BE54-9A1E7A4F7556}") = "Foundation2", "final\Foundation2\Foundation2.csproj", "{AE86BB9A-1B9C-4BBC-AA37-423C128FC41E}"
EndProject
Project("{9A19103F-16F7-4668-BE54-9A1E7A4F7556}") = "Foundation3", "final\Foundation3\Foundation3.csproj", "{D7EC7945-F5E9-48DF-A613-30DDC2598745}"
EndProject
Project("{9A19103F-16F7-4668-BE54-9A1E7A4F7556}") = "Foundation1", "final\Foundation1\Foundation1.csproj", "{9FD890A2-8A9F-4EB5-87FD-A2A764B2DDEF}"
EndProject
Project("{9A19103F-16F7-4668-BE54-9A1E7A4F7556}") = "FinalProject", "final\FinalProject\FinalProject.csproj", "{CBEE36E9-503A-404E-9E1C-9CDE3045B8FB}"
EndProject
Project("{2150E333-8FDC-42A3-9474-1A3956D46DE8}") = "prepare", "prepare", "{D244FEE4-9708-4504-AE94-E37E027E68E3}"
EndProject
Project("{9A19103F-16F7-4668-BE54-9A1E7A4F7556}") = "Learning04", "prepare\Learning04\Learning04.csproj", "{C73016CB-BF6E-4D57-8CBF-F5495A66EEF0}"
EndProject
Project("{9A19103F-16F7-4668-BE54-9A1E7A4F7556}") = "Learning03", "prepare\Learning03\Learning03.csproj", "{FF5EFD7C-A672-45A8-9F75-BD4ACAD786F6}"
EndProject
Project("{9A19103F-16F7-4668-BE54-9A1E7A4F7556}") = "Learning05", "prepare\Learning05\Learning05.csproj", "{100B9DB8-66C8-4D02-AD96-D69B086A862C}"
EndProject
Project("{9A19103F-16F7-4668-BE54-9A1E7A4F7556}") = "Learning02", "prepare\Learning02\Learning02.csproj", "{B9FEA07D-1CC2-4A3E-BF6C-E44A208A431C}"
EndProject
Project("{2150E333-8FDC-42A3-9474-1A3956D46DE8}") = "sandbox", "sandbox", "{949A5958-E14E-446B-9DB2-9DC501EABFA0}"
EndProject
Project("{9A19103F-16F7-4668-BE54-9A1E7A4F7556}") = "Sandbox", "sandbox\Sandbox\Sandbox.csproj", "{479D731D-2A38-46D3-A362-BE33D502B27E}"
EndProject
Global
	GlobalSection(SolutionConfigurationPlatforms) = preSolution
		Debug|Any CPU = Debug|Any CPU
		Release|Any CPU = Release|Any CPU
	EndGlobalSection
	GlobalSection(ProjectConfigurationPlatforms) = postSolution
		{38334946-3A2F-4C93-9B09-E8F3E3A61F3F}.Debug|Any CPU.ActiveCfg = Debug|Any CPU
		{38334946-3A2F-4C93-9B09-E8F3E3A61F3F}.Debug|Any CPU.Build.0 = Debug|Any CPU
		{38334946-3A2F-4C93-9B09-E8F3E3A61F3F}.Release|Any CPU.ActiveCfg = Release|Any CPU
		{38334946-3A2F-4C93-9B09-E8F3E3A61F3F}.Release|Any CPU.Build.0 = Release|Any CPU
		{2701F2DE-5F3B-45D6-B01F-21C1BCC6B0B8}.Debug|Any CPU.ActiveCfg = Debug|Any CPU
		{2701F2DE-5F3B-45D6-B01F-21C1BCC6B0B8}.Debug|Any CPU.Build.0 = Debug|Any CPU
		{2701F2DE-5F3B-45D6-B01F-21C1BCC6B0B8}.Release|Any CPU.ActiveCfg = Release|Any CPU
		{2701F2DE-5F3B-45D6-B01F-21C1BCC6B0B8}.Release|Any CPU.Build.0 = Release|Any CPU
		{E222EA44-E4D0-46B7-8460-7B8546FFD33A}.Debug|Any CPU.ActiveCfg = Debug|Any CPU
		{E222EA44-E4D0-46B7-8460-7B8546FFD33A}.Debug|Any CPU.Build.0 = Debug|Any CPU
		{E222EA44-E4D0-46B7-8460-7B8546FFD33A}.Release|Any CPU.ActiveCfg = Release|Any CPU
		{E222EA44-E4D0-46B7-8460-7B8546FFD33A}.Release|Any CPU.Build.0 = Release|Any CPU
		{62234195-2AEF-4A75-8308-43B8D788D8F1}.Debug|Any CPU.ActiveCfg = Debug|Any CPU
		{62234195-2AEF-4A75-8308-43B8D788D8F1}.Debug|Any CPU.Build.0 = Debug|Any CPU
		{62234195-2AEF-4A75-8308-43B8D788D8F1}.Release|Any CPU.ActiveCfg = Release|Any CPU
		{62234195-2AEF-4A75-8308-43B8D788D8F1}.Release|Any CPU.Build.0 = Release|Any CPU
		{007740C4-CA79-4605-8E46-F07EBF679C2A}.Debug|Any CPU.ActiveCfg = Debug|Any CPU
		{007740C4-CA79-4605-8E46-F07EBF679C2A}.Debug|Any CPU.Build.0 = Debug|Any CPU
		{007740C4-CA79-4605-8E46-F07EBF679C2A}.Release|Any CPU.ActiveCfg = Release|Any CPU
		{007740C4-CA79-4605-8E46-F07EBF679C2A}.Release|Any CPU.Build.0 = Release|Any CPU
		{4F69CDD4-9C44-40B5-998D-38B8132341A4}.Debug|Any CPU.ActiveCfg = Debug|Any CPU
		{4F69CDD4-9C44-40B5-998D-38B8132341A4}.Debug|Any CPU.Build.0 = Debug|Any CPU
		{4F69CDD4-9C44-40B5-998D-38B8132341A4}.Release|Any CPU.ActiveCfg = Release|Any CPU
		{4F69CDD4-9C44-40B5-998D-38B8132341A4}.Release|Any CPU.Build.0 = Release|Any CPU
		{82AD3BFF-FAE8-47EE-BCC1-83056393379E}.Debug|Any CPU.ActiveCfg = Debug|Any CPU
		{82AD3BFF-FAE8-47EE-BCC1-83056393379E}.Debug|Any CPU.Build.0 = Debug|Any CPU
		{82AD3BFF-FAE8-47EE-BCC1-83056393379E}.Release|Any CPU.ActiveCfg = Release|Any CPU
		{82AD3BFF-FAE8-47EE-BCC1-83056393379E}.Release|Any CPU.Build.0 = Release|Any CPU
		{FFCCC4C3-BFE5-44C7-B850-2D7D9867C0D1}.Debug|Any CPU.ActiveCfg = Debug|Any CPU
		{FFCCC4C3-BFE5-44C7-B850-2D7D9867C0D1}.Debug|Any CPU.Build.0 = Debug|Any CPU
		{FFCCC4C3-BFE5-44C7-B850-2D7D9867C0D1}.Release|Any CPU.ActiveCfg = Release|Any CPU
		{FFCCC4C3-BFE5-44C7-B850-2D7D9867C0D1}.Release|Any CPU.Build.0 = Release|Any CPU
		{F50A8CE9-8EA8-402B-8E84-CC5459C6653A}.Debug|Any CPU.ActiveCfg = Debug|Any CPU
		{F50A8CE9-8EA8-402B-8E84-CC5459C6653A}.Debug|Any CPU.Build.0 = Debug|Any CPU
		{F50A8CE9-8EA8-402B-8E84-CC5459C6653A}.Release|Any CPU.ActiveCfg = Release|Any CPU
		{F50A8CE9-8EA8-402B-8E84-CC5459C6653A}.Release|Any CPU.Build.0 = Release|Any CPU
		{A583F1E2-31D7-4EDA-BBC7-0B17BA12D2E6}.Debug|Any CPU.ActiveCfg = Debug|Any CPU
		{A583F1E2-31D7-4EDA-BBC7-0B17BA12D2E6}.Debug|Any CPU.Build.0 = Debug|Any CPU
		{A583F1E2-31D7-4EDA-BBC7-0B17BA12D2E6}.Release|Any CPU.ActiveCfg = Release|Any CPU
		{A583F1E2-31D7-4EDA-BBC7-0B17BA12D2E6}.Release|Any CPU.Build.0 = Release|Any CPU
		{AE86BB9A-1B9C-4BBC-AA37-423C128FC41E}.Debug|Any CPU.ActiveCfg = Debug|Any CPU
		{AE86BB9A-1B9C-4BBC-AA37-423C128FC41E}.Debug|Any CPU.Build.0 = Debug|Any CPU
		{AE86BB9A-1B9C-4BBC-AA37-423C128FC41E}.Release|Any CPU.ActiveCfg = Release|Any CPU
		{AE86BB9A-1B9C-4BBC-AA37-423C128FC41E}.Release|Any CPU.Build.0 = Release|Any CPU
		{D7EC7945-F5E9-48DF-A613-30DDC2598745}.Debug|Any CPU.ActiveCfg = Debug|Any CPU
		{D7EC7945-F5E9-48DF-A613-30DDC2598745}.Debug|Any CPU.Build.0 = Debug|Any CPU
		{D7EC7945-F5E9-48DF-A613-30DDC2598745}.Release|Any CPU.ActiveCfg = Release|Any CPU
		{D7EC7945-F5E9-48DF-A613-30DDC2598745}.Release|Any CPU.Build.0 = Release|Any CPU
		{9FD890A2-8A9F-4EB5-87FD-A2A764B2DDEF}.Debug|Any CPU.ActiveCfg = Debug|Any CPU
		{9FD890A2-8A9F-4EB5-87FD-A2A764B2DDEF}.Debug|Any CPU.Build.0 = Debug|Any CPU
		{9FD890A2-8A9F-4EB5-87FD-A2A764B2DDEF}.Release|Any CPU.ActiveCfg = Release|Any CPU
		{9FD890A2-8A9F-4EB5-87FD-A2A764B2DDEF}.Release|Any CPU.Build.0 = Release|Any CPU
		{CBEE36E9-503A-404E-9E1C-9CDE3045B8FB}.Debug|Any CPU.ActiveCfg = Debug|Any CPU
		{CBEE36E9-503A-404E-9E1C-9CDE3045B8FB}.Debug|Any CPU.Build.0 = Debug|Any CPU
		{CBEE36E9-503A-404E-9E1C-9CDE3045B8FB}.Release|Any CPU.ActiveCfg = Release|Any CPU
		{CBEE36E9-503A-404E-9E1C-9CDE3045B8FB}.Release|Any CPU.Build.0 = Release|Any CPU
		{C73016CB-BF6E-4D57-8CBF-F5495A66EEF0}.Debug|Any CPU.ActiveCfg = Debug|Any CPU
		{C73016CB-BF6E-4D57-8CBF-F5495A66EEF0}.Debug|Any CPU.Build.0 = Debug|Any CPU
		{C73016CB-BF6E-4D57-8CBF-F5495A66EEF0}.Release|Any CPU.ActiveCfg = Release|Any CPU
		{C73016CB-BF6E-4D57-8CBF-F5495A66EEF0}.Release|Any CPU.Build.0 = Release|Any CPU
		{FF5EFD7C-A672-45A8-9F75-BD4ACAD786F6}.Debug|Any CPU.ActiveCfg = Debug|Any CPU
		{FF5EFD7C-A672-45A8-9F75-BD4ACAD786F6}.Debug|Any CPU.Build.0 = Debug|Any CPU
		{FF5EFD7C-A672-45A8-9F75-BD4ACAD786F6}.Release|Any CPU.ActiveCfg = Release|Any CPU
		{FF5EFD7C-A672-45A8-9F75-BD4ACAD786F6}.Release|Any CPU.Build.0 = Release|Any CPU
		{100B9DB8-66C8-4D02-AD96-D69B086A862C}.Debug|Any CPU.ActiveCfg = Debug|Any CPU
		{100B9DB8-66C8-4D02-AD96-D69B086A862C}.Debug|Any CPU.Build.0 = Debug|Any CPU
		{100B9DB8-66C8-4D02-AD96-D69B086A862C}.Release|Any CPU.ActiveCfg = Release|Any CPU
		{100B9DB8-66C8-4D02-AD96-D69B086A862C}.Release|Any CPU.Build.0 = Release|Any CPU
		{B9FEA07D-1CC2-4A3E-BF6C-E44A208A431C}.Debug|Any CPU.ActiveCfg = Debug|Any CPU
		{B9FEA07D-1CC2-4A3E-BF6C-E44A208A431C}.Debug|Any CPU.Build.0 = Debug|Any CPU
		{B9FEA07D-1CC2-4A3E-BF6C-E44A208A431C}.Release|Any CPU.ActiveCfg = Release|Any CPU
		{B9FEA07D-1CC2-4A3E-BF6C-E44A208A431C}.Release|Any CPU.Build.0 = Release|Any CPU
		{479D731D-2A38-46D3-A362-BE33D502B27E}.Debug|Any CPU.ActiveCfg = Debug|Any CPU
		{479D731D-2A38-46D3-A362-BE33D502B27E}.Debug|Any CPU.Build.0 = Debug|Any CPU
		{479D731D-2A38-46D3-A362-BE33D502B27E}.Release|Any CPU.ActiveCfg = Release|Any CPU
		{479D731D-2A38-46D3-A362-BE33D502B27E}.Release|Any CPU.Build.0 = Release|Any CPU
	EndGlobalSection
	GlobalSection(SolutionProperties) = preSolution
		HideSolutionNode = FALSE
	EndGlobalSection
	GlobalSection(NestedProjects) = preSolution
		{38334946-3A2F-4C93-9B09-E8F3E3A61F3F} = {6BDC74FC-62C3-4E05-A7AC-DF0879FB691E}
		{2701F2DE-5F3B-45D6-B01F-21C1BCC6B0B8} = {6BDC74FC-62C3-4E05-A7AC-DF0879FB691E}
		{E222EA44-E4D0-46B7-8460-7B8546FFD33A} = {6BDC74FC-62C3-4E05-A7AC-DF0879FB691E}
		{62234195-2AEF-4A75-8308-43B8D788D8F1} = {6BDC74FC-62C3-4E05-A7AC-DF0879FB691E}
		{007740C4-CA79-4605-8E46-F07EBF679C2A} = {F786DF15-39A0-479F-86FC-F0D80C94801D}
		{4F69CDD4-9C44-40B5-998D-38B8132341A4} = {F786DF15-39A0-479F-86FC-F0D80C94801D}
		{82AD3BFF-FAE8-47EE-BCC1-83056393379E} = {F786DF15-39A0-479F-86FC-F0D80C94801D}
		{FFCCC4C3-BFE5-44C7-B850-2D7D9867C0D1} = {F786DF15-39A0-479F-86FC-F0D80C94801D}
		{F50A8CE9-8EA8-402B-8E84-CC5459C6653A} = {F786DF15-39A0-479F-86FC-F0D80C94801D}
		{A583F1E2-31D7-4EDA-BBC7-0B17BA12D2E6} = {50B2E97E-753D-42F2-A001-1B69CBDFA968}
		{AE86BB9A-1B9C-4BBC-AA37-423C128FC41E} = {50B2E97E-753D-42F2-A001-1B69CBDFA968}
		{D7EC7945-F5E9-48DF-A613-30DDC2598745} = {50B2E97E-753D-42F2-A001-1B69CBDFA968}
		{9FD890A2-8A9F-4EB5-87FD-A2A764B2DDEF} = {50B2E97E-753D-42F2-A001-1B69CBDFA968}
		{CBEE36E9-503A-404E-9E1C-9CDE3045B8FB} = {50B2E97E-753D-42F2-A001-1B69CBDFA968}
		{C73016CB-BF6E-4D57-8CBF-F5495A66EEF0} = {D244FEE4-9708-4504-AE94-E37E027E68E3}
		{FF5EFD7C-A672-45A8-9F75-BD4ACAD786F6} = {D244FEE4-9708-4504-AE94-E37E027E68E3}
		{100B9DB8-66C8-4D02-AD96-D69B086A862C} = {D244FEE4-9708-4504-AE94-E37E027E68E3}
		{B9FEA07D-1CC2-4A3E-BF6C-E44A208A431C} = {D244FEE4-9708-4504-AE94-E37E027E68E3}
		{479D731D-2A38-46D3-A362-BE33D502B27E} = {949A5958-E14E-446B-9DB2-9DC501EABFA0}
	EndGlobalSection
	GlobalSection(ExtensibilityGlobals) = postSolution
		SolutionGuid = {33CA09F5-9013-4A0F-8715-0E8A3B64ED44}
	EndGlobalSection
EndGlobal
